
Microsoft Visual Studio Solution File, Format Version 12.00
# Visual Studio Version 16
VisualStudioVersion = 16.0.32602.291
MinimumVisualStudioVersion = 10.0.40219.1
Project("{FAE04EC0-301F-11D3-BF4B-00C04F79EFBC}") = "AgendaMVC", "AgendaMVC\AgendaMVC.csproj", "{A1B32BE0-3F6E-48C3-9E4B-E2F1D37B2596}"
EndProject
Global
	GlobalSection(SolutionConfigurationPlatforms) = preSolution
		Debug|Any CPU = Debug|Any CPU
		Release|Any CPU = Release|Any CPU
	EndGlobalSection
	GlobalSection(ProjectConfigurationPlatforms) = postSolution
		{A1B32BE0-3F6E-48C3-9E4B-E2F1D37B2596}.Debug|Any CPU.ActiveCfg = Debug|Any CPU
		{A1B32BE0-3F6E-48C3-9E4B-E2F1D37B2596}.Debug|Any CPU.Build.0 = Debug|Any CPU
		{A1B32BE0-3F6E-48C3-9E4B-E2F1D37B2596}.Release|Any CPU.ActiveCfg = Release|Any CPU
		{A1B32BE0-3F6E-48C3-9E4B-E2F1D37B2596}.Release|Any CPU.Build.0 = Release|Any CPU
	EndGlobalSection
	GlobalSection(SolutionProperties) = preSolution
		HideSolutionNode = FALSE
	EndGlobalSection
	GlobalSection(ExtensibilityGlobals) = postSolution
		SolutionGuid = {19E73E95-BB7C-47C3-866C-F1EE6070B477}
	EndGlobalSection
EndGlobal
