
Microsoft Visual Studio Solution File, Format Version 12.00
# Visual Studio Version 16
VisualStudioVersion = 16.0.32602.291
MinimumVisualStudioVersion = 10.0.40219.1
Project("{FAE04EC0-301F-11D3-BF4B-00C04F79EFBC}") = "Agenda_Back", "Agenda_Back\Agenda_Back.csproj", "{CC4729A7-2E29-4FCC-AEFD-8671278AE414}"
EndProject
Global
	GlobalSection(SolutionConfigurationPlatforms) = preSolution
		Debug|Any CPU = Debug|Any CPU
		Release|Any CPU = Release|Any CPU
	EndGlobalSection
	GlobalSection(ProjectConfigurationPlatforms) = postSolution
		{CC4729A7-2E29-4FCC-AEFD-8671278AE414}.Debug|Any CPU.ActiveCfg = Debug|Any CPU
		{CC4729A7-2E29-4FCC-AEFD-8671278AE414}.Debug|Any CPU.Build.0 = Debug|Any CPU
		{CC4729A7-2E29-4FCC-AEFD-8671278AE414}.Release|Any CPU.ActiveCfg = Release|Any CPU
		{CC4729A7-2E29-4FCC-AEFD-8671278AE414}.Release|Any CPU.Build.0 = Release|Any CPU
	EndGlobalSection
	GlobalSection(SolutionProperties) = preSolution
		HideSolutionNode = FALSE
	EndGlobalSection
	GlobalSection(ExtensibilityGlobals) = postSolution
		SolutionGuid = {19E73E95-BB7C-47C3-866C-F1EE6070B477}
	EndGlobalSection
EndGlobal
